
Microsoft Visual Studio Solution File, Format Version 12.00
# Visual Studio Version 16
VisualStudioVersion = 16.0.29728.190
MinimumVisualStudioVersion = 10.0.40219.1
Project("{FAE04EC0-301F-11D3-BF4B-00C04F79EFBC}") = "Linq001", "Linq001\Linq001.csproj", "{29F3F2F8-4D50-4388-B8F8-31EB730807DF}"
EndProject
Global
	GlobalSection(SolutionConfigurationPlatforms) = preSolution
		Debug|Any CPU = Debug|Any CPU
		Release|Any CPU = Release|Any CPU
	EndGlobalSection
	GlobalSection(ProjectConfigurationPlatforms) = postSolution
		{29F3F2F8-4D50-4388-B8F8-31EB730807DF}.Debug|Any CPU.ActiveCfg = Debug|Any CPU
		{29F3F2F8-4D50-4388-B8F8-31EB730807DF}.Debug|Any CPU.Build.0 = Debug|Any CPU
		{29F3F2F8-4D50-4388-B8F8-31EB730807DF}.Release|Any CPU.ActiveCfg = Release|Any CPU
		{29F3F2F8-4D50-4388-B8F8-31EB730807DF}.Release|Any CPU.Build.0 = Release|Any CPU
	EndGlobalSection
	GlobalSection(SolutionProperties) = preSolution
		HideSolutionNode = FALSE
	EndGlobalSection
	GlobalSection(ExtensibilityGlobals) = postSolution
		SolutionGuid = {F597EBAC-BC8B-47AC-AE06-E8AF49C03AAD}
	EndGlobalSection
EndGlobal
